// !$*UTF8*$!
{
	archiveVersion = 1;
	classes = {
	};
	objectVersion = 56;
	objects = {

/* Begin PBXBuildFile section */
		013A1724296F8CFB00661A44 /* RSSApp.swift in Sources */ = {isa = PBXBuildFile; fileRef = 013A1723296F8CFB00661A44 /* RSSApp.swift */; };
		013A1726296F8CFB00661A44 /* CategoriesView.swift in Sources */ = {isa = PBXBuildFile; fileRef = 013A1725296F8CFB00661A44 /* CategoriesView.swift */; };
		013A1728296F8CFC00661A44 /* Assets.xcassets in Resources */ = {isa = PBXBuildFile; fileRef = 013A1727296F8CFC00661A44 /* Assets.xcassets */; };
		013A172B296F8CFC00661A44 /* Preview Assets.xcassets in Resources */ = {isa = PBXBuildFile; fileRef = 013A172A296F8CFC00661A44 /* Preview Assets.xcassets */; };
		013A1735296F8CFC00661A44 /* RSSTests.swift in Sources */ = {isa = PBXBuildFile; fileRef = 013A1734296F8CFC00661A44 /* RSSTests.swift */; };
		013A173F296F8CFC00661A44 /* RSSUITests.swift in Sources */ = {isa = PBXBuildFile; fileRef = 013A173E296F8CFC00661A44 /* RSSUITests.swift */; };
		013A1741296F8CFC00661A44 /* RSSUITestsLaunchTests.swift in Sources */ = {isa = PBXBuildFile; fileRef = 013A1740296F8CFC00661A44 /* RSSUITestsLaunchTests.swift */; };
		013A174F296F8D5000661A44 /* SwiftRichString in Frameworks */ = {isa = PBXBuildFile; productRef = 013A174E296F8D5000661A44 /* SwiftRichString */; };
		013A1752296F93D600661A44 /* FeedEntry.swift in Sources */ = {isa = PBXBuildFile; fileRef = 013A1751296F93D600661A44 /* FeedEntry.swift */; };
		013A1754296F94C000661A44 /* Feed.swift in Sources */ = {isa = PBXBuildFile; fileRef = 013A1753296F94C000661A44 /* Feed.swift */; };
		013A1759296F96A700661A44 /* Request.swift in Sources */ = {isa = PBXBuildFile; fileRef = 013A1758296F96A700661A44 /* Request.swift */; };
		013A175C296F98E200661A44 /* GetFeedRequest.swift in Sources */ = {isa = PBXBuildFile; fileRef = 013A175B296F98E200661A44 /* GetFeedRequest.swift */; };
		013A175E296F994B00661A44 /* API.swift in Sources */ = {isa = PBXBuildFile; fileRef = 013A175D296F994B00661A44 /* API.swift */; };
		013A1760296FA03300661A44 /* Category.swift in Sources */ = {isa = PBXBuildFile; fileRef = 013A175F296FA03300661A44 /* Category.swift */; };
		013A1762296FA07800661A44 /* GetCategoriesRequest.swift in Sources */ = {isa = PBXBuildFile; fileRef = 013A1761296FA07800661A44 /* GetCategoriesRequest.swift */; };
		013A1764296FA10100661A44 /* AllDependencies.swift in Sources */ = {isa = PBXBuildFile; fileRef = 013A1763296FA10100661A44 /* AllDependencies.swift */; };
		013A1768296FA25800661A44 /* CategoriesView+ViewModel.swift in Sources */ = {isa = PBXBuildFile; fileRef = 013A1767296FA25800661A44 /* CategoriesView+ViewModel.swift */; };
		013A176A296FA89300661A44 /* CategoryFeedView.swift in Sources */ = {isa = PBXBuildFile; fileRef = 013A1769296FA89300661A44 /* CategoryFeedView.swift */; };
		013A176C296FAC1A00661A44 /* CategoryFeedView+ViewModel.swift in Sources */ = {isa = PBXBuildFile; fileRef = 013A176B296FAC1A00661A44 /* CategoryFeedView+ViewModel.swift */; };
		013A176E296FAF2100661A44 /* EntryView.swift in Sources */ = {isa = PBXBuildFile; fileRef = 013A176D296FAF2100661A44 /* EntryView.swift */; };
		013A1772296FB36B00661A44 /* WebView.swift in Sources */ = {isa = PBXBuildFile; fileRef = 013A1771296FB36B00661A44 /* WebView.swift */; };
		013A1774296FBC0500661A44 /* FeedItemView.swift in Sources */ = {isa = PBXBuildFile; fileRef = 013A1773296FBC0500661A44 /* FeedItemView.swift */; };
		013A1776296FBFE500661A44 /* MarkItemRequest.swift in Sources */ = {isa = PBXBuildFile; fileRef = 013A1775296FBFE500661A44 /* MarkItemRequest.swift */; };
		013A1778296FC1B300661A44 /* Encodable.swift in Sources */ = {isa = PBXBuildFile; fileRef = 013A1777296FC1B300661A44 /* Encodable.swift */; };
		013A177A296FC60700661A44 /* StarItemRequest.swift in Sources */ = {isa = PBXBuildFile; fileRef = 013A1779296FC60700661A44 /* StarItemRequest.swift */; };
		013A177C297057A900661A44 /* Session.swift in Sources */ = {isa = PBXBuildFile; fileRef = 013A177B297057A900661A44 /* Session.swift */; };
		013A177E2970636500661A44 /* LocalStorage.swift in Sources */ = {isa = PBXBuildFile; fileRef = 013A177D2970636500661A44 /* LocalStorage.swift */; };
		013A1780297063DC00661A44 /* FileManager+DocumentsDirectory.swift in Sources */ = {isa = PBXBuildFile; fileRef = 013A177F297063DC00661A44 /* FileManager+DocumentsDirectory.swift */; };
		013A1784297069B800661A44 /* SettingsView.swift in Sources */ = {isa = PBXBuildFile; fileRef = 013A1783297069B800661A44 /* SettingsView.swift */; };
		013A17C12971B0E100661A44 /* String.swift in Sources */ = {isa = PBXBuildFile; fileRef = 013A17C02971B0E100661A44 /* String.swift */; };
		017CF70B2977219E00ACBFD0 /* RichText in Frameworks */ = {isa = PBXBuildFile; productRef = 017CF70A2977219E00ACBFD0 /* RichText */; };
/* End PBXBuildFile section */

/* Begin PBXContainerItemProxy section */
		013A1731296F8CFC00661A44 /* PBXContainerItemProxy */ = {
			isa = PBXContainerItemProxy;
			containerPortal = 013A1718296F8CFB00661A44 /* Project object */;
			proxyType = 1;
			remoteGlobalIDString = 013A171F296F8CFB00661A44;
			remoteInfo = RSS;
		};
		013A173B296F8CFC00661A44 /* PBXContainerItemProxy */ = {
			isa = PBXContainerItemProxy;
			containerPortal = 013A1718296F8CFB00661A44 /* Project object */;
			proxyType = 1;
			remoteGlobalIDString = 013A171F296F8CFB00661A44;
			remoteInfo = RSS;
		};
/* End PBXContainerItemProxy section */

/* Begin PBXFileReference section */
		013A1720296F8CFB00661A44 /* RSS.app */ = {isa = PBXFileReference; explicitFileType = wrapper.application; includeInIndex = 0; path = RSS.app; sourceTree = BUILT_PRODUCTS_DIR; };
		013A1723296F8CFB00661A44 /* RSSApp.swift */ = {isa = PBXFileReference; lastKnownFileType = sourcecode.swift; path = RSSApp.swift; sourceTree = "<group>"; };
		013A1725296F8CFB00661A44 /* CategoriesView.swift */ = {isa = PBXFileReference; lastKnownFileType = sourcecode.swift; path = CategoriesView.swift; sourceTree = "<group>"; };
		013A1727296F8CFC00661A44 /* Assets.xcassets */ = {isa = PBXFileReference; lastKnownFileType = folder.assetcatalog; path = Assets.xcassets; sourceTree = "<group>"; };
		013A172A296F8CFC00661A44 /* Preview Assets.xcassets */ = {isa = PBXFileReference; lastKnownFileType = folder.assetcatalog; path = "Preview Assets.xcassets"; sourceTree = "<group>"; };
		013A1730296F8CFC00661A44 /* RSSTests.xctest */ = {isa = PBXFileReference; explicitFileType = wrapper.cfbundle; includeInIndex = 0; path = RSSTests.xctest; sourceTree = BUILT_PRODUCTS_DIR; };
		013A1734296F8CFC00661A44 /* RSSTests.swift */ = {isa = PBXFileReference; lastKnownFileType = sourcecode.swift; path = RSSTests.swift; sourceTree = "<group>"; };
		013A173A296F8CFC00661A44 /* RSSUITests.xctest */ = {isa = PBXFileReference; explicitFileType = wrapper.cfbundle; includeInIndex = 0; path = RSSUITests.xctest; sourceTree = BUILT_PRODUCTS_DIR; };
		013A173E296F8CFC00661A44 /* RSSUITests.swift */ = {isa = PBXFileReference; lastKnownFileType = sourcecode.swift; path = RSSUITests.swift; sourceTree = "<group>"; };
		013A1740296F8CFC00661A44 /* RSSUITestsLaunchTests.swift */ = {isa = PBXFileReference; lastKnownFileType = sourcecode.swift; path = RSSUITestsLaunchTests.swift; sourceTree = "<group>"; };
		013A1751296F93D600661A44 /* FeedEntry.swift */ = {isa = PBXFileReference; lastKnownFileType = sourcecode.swift; path = FeedEntry.swift; sourceTree = "<group>"; };
		013A1753296F94C000661A44 /* Feed.swift */ = {isa = PBXFileReference; lastKnownFileType = sourcecode.swift; path = Feed.swift; sourceTree = "<group>"; };
		013A1758296F96A700661A44 /* Request.swift */ = {isa = PBXFileReference; lastKnownFileType = sourcecode.swift; path = Request.swift; sourceTree = "<group>"; };
		013A175B296F98E200661A44 /* GetFeedRequest.swift */ = {isa = PBXFileReference; lastKnownFileType = sourcecode.swift; path = GetFeedRequest.swift; sourceTree = "<group>"; };
		013A175D296F994B00661A44 /* API.swift */ = {isa = PBXFileReference; lastKnownFileType = sourcecode.swift; path = API.swift; sourceTree = "<group>"; };
		013A175F296FA03300661A44 /* Category.swift */ = {isa = PBXFileReference; lastKnownFileType = sourcecode.swift; path = Category.swift; sourceTree = "<group>"; };
		013A1761296FA07800661A44 /* GetCategoriesRequest.swift */ = {isa = PBXFileReference; lastKnownFileType = sourcecode.swift; path = GetCategoriesRequest.swift; sourceTree = "<group>"; };
		013A1763296FA10100661A44 /* AllDependencies.swift */ = {isa = PBXFileReference; lastKnownFileType = sourcecode.swift; path = AllDependencies.swift; sourceTree = "<group>"; };
		013A1767296FA25800661A44 /* CategoriesView+ViewModel.swift */ = {isa = PBXFileReference; lastKnownFileType = sourcecode.swift; path = "CategoriesView+ViewModel.swift"; sourceTree = "<group>"; };
		013A1769296FA89300661A44 /* CategoryFeedView.swift */ = {isa = PBXFileReference; lastKnownFileType = sourcecode.swift; path = CategoryFeedView.swift; sourceTree = "<group>"; };
		013A176B296FAC1A00661A44 /* CategoryFeedView+ViewModel.swift */ = {isa = PBXFileReference; lastKnownFileType = sourcecode.swift; path = "CategoryFeedView+ViewModel.swift"; sourceTree = "<group>"; };
		013A176D296FAF2100661A44 /* EntryView.swift */ = {isa = PBXFileReference; lastKnownFileType = sourcecode.swift; path = EntryView.swift; sourceTree = "<group>"; };
		013A1771296FB36B00661A44 /* WebView.swift */ = {isa = PBXFileReference; lastKnownFileType = sourcecode.swift; path = WebView.swift; sourceTree = "<group>"; };
		013A1773296FBC0500661A44 /* FeedItemView.swift */ = {isa = PBXFileReference; lastKnownFileType = sourcecode.swift; path = FeedItemView.swift; sourceTree = "<group>"; };
		013A1775296FBFE500661A44 /* MarkItemRequest.swift */ = {isa = PBXFileReference; lastKnownFileType = sourcecode.swift; path = MarkItemRequest.swift; sourceTree = "<group>"; };
		013A1777296FC1B300661A44 /* Encodable.swift */ = {isa = PBXFileReference; lastKnownFileType = sourcecode.swift; path = Encodable.swift; sourceTree = "<group>"; };
		013A1779296FC60700661A44 /* StarItemRequest.swift */ = {isa = PBXFileReference; lastKnownFileType = sourcecode.swift; path = StarItemRequest.swift; sourceTree = "<group>"; };
		013A177B297057A900661A44 /* Session.swift */ = {isa = PBXFileReference; lastKnownFileType = sourcecode.swift; path = Session.swift; sourceTree = "<group>"; };
		013A177D2970636500661A44 /* LocalStorage.swift */ = {isa = PBXFileReference; lastKnownFileType = sourcecode.swift; path = LocalStorage.swift; sourceTree = "<group>"; };
		013A177F297063DC00661A44 /* FileManager+DocumentsDirectory.swift */ = {isa = PBXFileReference; lastKnownFileType = sourcecode.swift; path = "FileManager+DocumentsDirectory.swift"; sourceTree = "<group>"; };
		013A1783297069B800661A44 /* SettingsView.swift */ = {isa = PBXFileReference; lastKnownFileType = sourcecode.swift; path = SettingsView.swift; sourceTree = "<group>"; };
		013A17C02971B0E100661A44 /* String.swift */ = {isa = PBXFileReference; lastKnownFileType = sourcecode.swift; path = String.swift; sourceTree = "<group>"; };
/* End PBXFileReference section */

/* Begin PBXFrameworksBuildPhase section */
		013A171D296F8CFB00661A44 /* Frameworks */ = {
			isa = PBXFrameworksBuildPhase;
			buildActionMask = 2147483647;
			files = (
				013A174F296F8D5000661A44 /* SwiftRichString in Frameworks */,
				017CF70B2977219E00ACBFD0 /* RichText in Frameworks */,
			);
			runOnlyForDeploymentPostprocessing = 0;
		};
		013A172D296F8CFC00661A44 /* Frameworks */ = {
			isa = PBXFrameworksBuildPhase;
			buildActionMask = 2147483647;
			files = (
			);
			runOnlyForDeploymentPostprocessing = 0;
		};
		013A1737296F8CFC00661A44 /* Frameworks */ = {
			isa = PBXFrameworksBuildPhase;
			buildActionMask = 2147483647;
			files = (
			);
			runOnlyForDeploymentPostprocessing = 0;
		};
/* End PBXFrameworksBuildPhase section */

/* Begin PBXGroup section */
		013A1717296F8CFB00661A44 = {
			isa = PBXGroup;
			children = (
				013A1722296F8CFB00661A44 /* RSS */,
				013A1733296F8CFC00661A44 /* RSSTests */,
				013A173D296F8CFC00661A44 /* RSSUITests */,
				013A1721296F8CFB00661A44 /* Products */,
			);
			sourceTree = "<group>";
		};
		013A1721296F8CFB00661A44 /* Products */ = {
			isa = PBXGroup;
			children = (
				013A1720296F8CFB00661A44 /* RSS.app */,
				013A1730296F8CFC00661A44 /* RSSTests.xctest */,
				013A173A296F8CFC00661A44 /* RSSUITests.xctest */,
			);
			name = Products;
			sourceTree = "<group>";
		};
		013A1722296F8CFB00661A44 /* RSS */ = {
			isa = PBXGroup;
			children = (
				013A1723296F8CFB00661A44 /* RSSApp.swift */,
				013A1770296FB35A00661A44 /* Utils */,
				013A1765296FA23000661A44 /* Views */,
				013A1755296F968300661A44 /* Dependencies */,
				013A1750296F93C900661A44 /* Models */,
				013A1727296F8CFC00661A44 /* Assets.xcassets */,
				013A1729296F8CFC00661A44 /* Preview Content */,
			);
			path = RSS;
			sourceTree = "<group>";
		};
		013A1729296F8CFC00661A44 /* Preview Content */ = {
			isa = PBXGroup;
			children = (
				013A172A296F8CFC00661A44 /* Preview Assets.xcassets */,
			);
			path = "Preview Content";
			sourceTree = "<group>";
		};
		013A1733296F8CFC00661A44 /* RSSTests */ = {
			isa = PBXGroup;
			children = (
				013A1734296F8CFC00661A44 /* RSSTests.swift */,
			);
			path = RSSTests;
			sourceTree = "<group>";
		};
		013A173D296F8CFC00661A44 /* RSSUITests */ = {
			isa = PBXGroup;
			children = (
				013A173E296F8CFC00661A44 /* RSSUITests.swift */,
				013A1740296F8CFC00661A44 /* RSSUITestsLaunchTests.swift */,
			);
			path = RSSUITests;
			sourceTree = "<group>";
		};
		013A1750296F93C900661A44 /* Models */ = {
			isa = PBXGroup;
			children = (
				013A1751296F93D600661A44 /* FeedEntry.swift */,
				013A1753296F94C000661A44 /* Feed.swift */,
				013A175F296FA03300661A44 /* Category.swift */,
			);
			path = Models;
			sourceTree = "<group>";
		};
		013A1755296F968300661A44 /* Dependencies */ = {
			isa = PBXGroup;
			children = (
				013A1756296F969600661A44 /* API */,
				013A1763296FA10100661A44 /* AllDependencies.swift */,
				013A177B297057A900661A44 /* Session.swift */,
				013A177D2970636500661A44 /* LocalStorage.swift */,
			);
			path = Dependencies;
			sourceTree = "<group>";
		};
		013A1756296F969600661A44 /* API */ = {
			isa = PBXGroup;
			children = (
				013A1758296F96A700661A44 /* Request.swift */,
				013A175A296F98D200661A44 /* Requests */,
				013A175D296F994B00661A44 /* API.swift */,
			);
			path = API;
			sourceTree = "<group>";
		};
		013A175A296F98D200661A44 /* Requests */ = {
			isa = PBXGroup;
			children = (
				013A175B296F98E200661A44 /* GetFeedRequest.swift */,
				013A1761296FA07800661A44 /* GetCategoriesRequest.swift */,
				013A1775296FBFE500661A44 /* MarkItemRequest.swift */,
				013A1779296FC60700661A44 /* StarItemRequest.swift */,
			);
			path = Requests;
			sourceTree = "<group>";
		};
		013A1765296FA23000661A44 /* Views */ = {
			isa = PBXGroup;
			children = (
				013A1766296FA24B00661A44 /* ViewModels */,
				013A1725296F8CFB00661A44 /* CategoriesView.swift */,
				013A1769296FA89300661A44 /* CategoryFeedView.swift */,
				013A1773296FBC0500661A44 /* FeedItemView.swift */,
				013A176D296FAF2100661A44 /* EntryView.swift */,
				013A1783297069B800661A44 /* SettingsView.swift */,
			);
			path = Views;
			sourceTree = "<group>";
		};
		013A1766296FA24B00661A44 /* ViewModels */ = {
			isa = PBXGroup;
			children = (
				013A1767296FA25800661A44 /* CategoriesView+ViewModel.swift */,
				013A176B296FAC1A00661A44 /* CategoryFeedView+ViewModel.swift */,
			);
			path = ViewModels;
			sourceTree = "<group>";
		};
		013A1770296FB35A00661A44 /* Utils */ = {
			isa = PBXGroup;
			children = (
				013A1771296FB36B00661A44 /* WebView.swift */,
				013A1777296FC1B300661A44 /* Encodable.swift */,
				013A177F297063DC00661A44 /* FileManager+DocumentsDirectory.swift */,
				013A17C02971B0E100661A44 /* String.swift */,
			);
			path = Utils;
			sourceTree = "<group>";
		};
/* End PBXGroup section */

/* Begin PBXNativeTarget section */
		013A171F296F8CFB00661A44 /* RSS */ = {
			isa = PBXNativeTarget;
			buildConfigurationList = 013A1744296F8CFC00661A44 /* Build configuration list for PBXNativeTarget "RSS" */;
			buildPhases = (
				013A171C296F8CFB00661A44 /* Sources */,
				013A171D296F8CFB00661A44 /* Frameworks */,
				013A171E296F8CFB00661A44 /* Resources */,
			);
			buildRules = (
			);
			dependencies = (
			);
			name = RSS;
			packageProductDependencies = (
				013A174E296F8D5000661A44 /* SwiftRichString */,
				017CF70A2977219E00ACBFD0 /* RichText */,
			);
			productName = RSS;
			productReference = 013A1720296F8CFB00661A44 /* RSS.app */;
			productType = "com.apple.product-type.application";
		};
		013A172F296F8CFC00661A44 /* RSSTests */ = {
			isa = PBXNativeTarget;
			buildConfigurationList = 013A1747296F8CFC00661A44 /* Build configuration list for PBXNativeTarget "RSSTests" */;
			buildPhases = (
				013A172C296F8CFC00661A44 /* Sources */,
				013A172D296F8CFC00661A44 /* Frameworks */,
				013A172E296F8CFC00661A44 /* Resources */,
			);
			buildRules = (
			);
			dependencies = (
				013A1732296F8CFC00661A44 /* PBXTargetDependency */,
			);
			name = RSSTests;
			productName = RSSTests;
			productReference = 013A1730296F8CFC00661A44 /* RSSTests.xctest */;
			productType = "com.apple.product-type.bundle.unit-test";
		};
		013A1739296F8CFC00661A44 /* RSSUITests */ = {
			isa = PBXNativeTarget;
			buildConfigurationList = 013A174A296F8CFC00661A44 /* Build configuration list for PBXNativeTarget "RSSUITests" */;
			buildPhases = (
				013A1736296F8CFC00661A44 /* Sources */,
				013A1737296F8CFC00661A44 /* Frameworks */,
				013A1738296F8CFC00661A44 /* Resources */,
			);
			buildRules = (
			);
			dependencies = (
				013A173C296F8CFC00661A44 /* PBXTargetDependency */,
			);
			name = RSSUITests;
			productName = RSSUITests;
			productReference = 013A173A296F8CFC00661A44 /* RSSUITests.xctest */;
			productType = "com.apple.product-type.bundle.ui-testing";
		};
/* End PBXNativeTarget section */

/* Begin PBXProject section */
		013A1718296F8CFB00661A44 /* Project object */ = {
			isa = PBXProject;
			attributes = {
				BuildIndependentTargetsInParallel = 1;
				LastSwiftUpdateCheck = 1410;
				LastUpgradeCheck = 1410;
				TargetAttributes = {
					013A171F296F8CFB00661A44 = {
						CreatedOnToolsVersion = 14.1;
					};
					013A172F296F8CFC00661A44 = {
						CreatedOnToolsVersion = 14.1;
						TestTargetID = 013A171F296F8CFB00661A44;
					};
					013A1739296F8CFC00661A44 = {
						CreatedOnToolsVersion = 14.1;
						TestTargetID = 013A171F296F8CFB00661A44;
					};
				};
			};
			buildConfigurationList = 013A171B296F8CFB00661A44 /* Build configuration list for PBXProject "RSS" */;
			compatibilityVersion = "Xcode 14.0";
			developmentRegion = en;
			hasScannedForEncodings = 0;
			knownRegions = (
				en,
				Base,
			);
			mainGroup = 013A1717296F8CFB00661A44;
			packageReferences = (
				013A174D296F8D5000661A44 /* XCRemoteSwiftPackageReference "SwiftRichString" */,
				017CF7092977219E00ACBFD0 /* XCRemoteSwiftPackageReference "RichText" */,
			);
			productRefGroup = 013A1721296F8CFB00661A44 /* Products */;
			projectDirPath = "";
			projectRoot = "";
			targets = (
				013A171F296F8CFB00661A44 /* RSS */,
				013A172F296F8CFC00661A44 /* RSSTests */,
				013A1739296F8CFC00661A44 /* RSSUITests */,
			);
		};
/* End PBXProject section */

/* Begin PBXResourcesBuildPhase section */
		013A171E296F8CFB00661A44 /* Resources */ = {
			isa = PBXResourcesBuildPhase;
			buildActionMask = 2147483647;
			files = (
				013A172B296F8CFC00661A44 /* Preview Assets.xcassets in Resources */,
				013A1728296F8CFC00661A44 /* Assets.xcassets in Resources */,
			);
			runOnlyForDeploymentPostprocessing = 0;
		};
		013A172E296F8CFC00661A44 /* Resources */ = {
			isa = PBXResourcesBuildPhase;
			buildActionMask = 2147483647;
			files = (
			);
			runOnlyForDeploymentPostprocessing = 0;
		};
		013A1738296F8CFC00661A44 /* Resources */ = {
			isa = PBXResourcesBuildPhase;
			buildActionMask = 2147483647;
			files = (
			);
			runOnlyForDeploymentPostprocessing = 0;
		};
/* End PBXResourcesBuildPhase section */

/* Begin PBXSourcesBuildPhase section */
		013A171C296F8CFB00661A44 /* Sources */ = {
			isa = PBXSourcesBuildPhase;
			buildActionMask = 2147483647;
			files = (
				013A177C297057A900661A44 /* Session.swift in Sources */,
				013A1784297069B800661A44 /* SettingsView.swift in Sources */,
				013A1762296FA07800661A44 /* GetCategoriesRequest.swift in Sources */,
				013A1778296FC1B300661A44 /* Encodable.swift in Sources */,
				013A1726296F8CFB00661A44 /* CategoriesView.swift in Sources */,
				013A1754296F94C000661A44 /* Feed.swift in Sources */,
				013A1776296FBFE500661A44 /* MarkItemRequest.swift in Sources */,
				013A1759296F96A700661A44 /* Request.swift in Sources */,
				013A1724296F8CFB00661A44 /* RSSApp.swift in Sources */,
				013A1780297063DC00661A44 /* FileManager+DocumentsDirectory.swift in Sources */,
				013A175C296F98E200661A44 /* GetFeedRequest.swift in Sources */,
				013A1772296FB36B00661A44 /* WebView.swift in Sources */,
				013A1752296F93D600661A44 /* FeedEntry.swift in Sources */,
				013A17C12971B0E100661A44 /* String.swift in Sources */,
				013A175E296F994B00661A44 /* API.swift in Sources */,
				013A177E2970636500661A44 /* LocalStorage.swift in Sources */,
				013A1764296FA10100661A44 /* AllDependencies.swift in Sources */,
				013A177A296FC60700661A44 /* StarItemRequest.swift in Sources */,
				013A1768296FA25800661A44 /* CategoriesView+ViewModel.swift in Sources */,
				013A1774296FBC0500661A44 /* FeedItemView.swift in Sources */,
				013A176C296FAC1A00661A44 /* CategoryFeedView+ViewModel.swift in Sources */,
				013A176E296FAF2100661A44 /* EntryView.swift in Sources */,
				013A176A296FA89300661A44 /* CategoryFeedView.swift in Sources */,
				013A1760296FA03300661A44 /* Category.swift in Sources */,
			);
			runOnlyForDeploymentPostprocessing = 0;
		};
		013A172C296F8CFC00661A44 /* Sources */ = {
			isa = PBXSourcesBuildPhase;
			buildActionMask = 2147483647;
			files = (
				013A1735296F8CFC00661A44 /* RSSTests.swift in Sources */,
			);
			runOnlyForDeploymentPostprocessing = 0;
		};
		013A1736296F8CFC00661A44 /* Sources */ = {
			isa = PBXSourcesBuildPhase;
			buildActionMask = 2147483647;
			files = (
				013A173F296F8CFC00661A44 /* RSSUITests.swift in Sources */,
				013A1741296F8CFC00661A44 /* RSSUITestsLaunchTests.swift in Sources */,
			);
			runOnlyForDeploymentPostprocessing = 0;
		};
/* End PBXSourcesBuildPhase section */

/* Begin PBXTargetDependency section */
		013A1732296F8CFC00661A44 /* PBXTargetDependency */ = {
			isa = PBXTargetDependency;
			target = 013A171F296F8CFB00661A44 /* RSS */;
			targetProxy = 013A1731296F8CFC00661A44 /* PBXContainerItemProxy */;
		};
		013A173C296F8CFC00661A44 /* PBXTargetDependency */ = {
			isa = PBXTargetDependency;
			target = 013A171F296F8CFB00661A44 /* RSS */;
			targetProxy = 013A173B296F8CFC00661A44 /* PBXContainerItemProxy */;
		};
/* End PBXTargetDependency section */

/* Begin XCBuildConfiguration section */
		013A1742296F8CFC00661A44 /* Debug */ = {
			isa = XCBuildConfiguration;
			buildSettings = {
				ALWAYS_SEARCH_USER_PATHS = NO;
				CLANG_ANALYZER_NONNULL = YES;
				CLANG_ANALYZER_NUMBER_OBJECT_CONVERSION = YES_AGGRESSIVE;
				CLANG_CXX_LANGUAGE_STANDARD = "gnu++20";
				CLANG_ENABLE_MODULES = YES;
				CLANG_ENABLE_OBJC_ARC = YES;
				CLANG_ENABLE_OBJC_WEAK = YES;
				CLANG_WARN_BLOCK_CAPTURE_AUTORELEASING = YES;
				CLANG_WARN_BOOL_CONVERSION = YES;
				CLANG_WARN_COMMA = YES;
				CLANG_WARN_CONSTANT_CONVERSION = YES;
				CLANG_WARN_DEPRECATED_OBJC_IMPLEMENTATIONS = YES;
				CLANG_WARN_DIRECT_OBJC_ISA_USAGE = YES_ERROR;
				CLANG_WARN_DOCUMENTATION_COMMENTS = YES;
				CLANG_WARN_EMPTY_BODY = YES;
				CLANG_WARN_ENUM_CONVERSION = YES;
				CLANG_WARN_INFINITE_RECURSION = YES;
				CLANG_WARN_INT_CONVERSION = YES;
				CLANG_WARN_NON_LITERAL_NULL_CONVERSION = YES;
				CLANG_WARN_OBJC_IMPLICIT_RETAIN_SELF = YES;
				CLANG_WARN_OBJC_LITERAL_CONVERSION = YES;
				CLANG_WARN_OBJC_ROOT_CLASS = YES_ERROR;
				CLANG_WARN_QUOTED_INCLUDE_IN_FRAMEWORK_HEADER = YES;
				CLANG_WARN_RANGE_LOOP_ANALYSIS = YES;
				CLANG_WARN_STRICT_PROTOTYPES = YES;
				CLANG_WARN_SUSPICIOUS_MOVE = YES;
				CLANG_WARN_UNGUARDED_AVAILABILITY = YES_AGGRESSIVE;
				CLANG_WARN_UNREACHABLE_CODE = YES;
				CLANG_WARN__DUPLICATE_METHOD_MATCH = YES;
				COPY_PHASE_STRIP = NO;
				DEBUG_INFORMATION_FORMAT = dwarf;
				ENABLE_STRICT_OBJC_MSGSEND = YES;
				ENABLE_TESTABILITY = YES;
				GCC_C_LANGUAGE_STANDARD = gnu11;
				GCC_DYNAMIC_NO_PIC = NO;
				GCC_NO_COMMON_BLOCKS = YES;
				GCC_OPTIMIZATION_LEVEL = 0;
				GCC_PREPROCESSOR_DEFINITIONS = (
					"DEBUG=1",
					"$(inherited)",
				);
				GCC_WARN_64_TO_32_BIT_CONVERSION = YES;
				GCC_WARN_ABOUT_RETURN_TYPE = YES_ERROR;
				GCC_WARN_UNDECLARED_SELECTOR = YES;
				GCC_WARN_UNINITIALIZED_AUTOS = YES_AGGRESSIVE;
				GCC_WARN_UNUSED_FUNCTION = YES;
				GCC_WARN_UNUSED_VARIABLE = YES;
				IPHONEOS_DEPLOYMENT_TARGET = 16.1;
				MTL_ENABLE_DEBUG_INFO = INCLUDE_SOURCE;
				MTL_FAST_MATH = YES;
				ONLY_ACTIVE_ARCH = YES;
				SDKROOT = iphoneos;
				SWIFT_ACTIVE_COMPILATION_CONDITIONS = DEBUG;
				SWIFT_OPTIMIZATION_LEVEL = "-Onone";
			};
			name = Debug;
		};
		013A1743296F8CFC00661A44 /* Release */ = {
			isa = XCBuildConfiguration;
			buildSettings = {
				ALWAYS_SEARCH_USER_PATHS = NO;
				CLANG_ANALYZER_NONNULL = YES;
				CLANG_ANALYZER_NUMBER_OBJECT_CONVERSION = YES_AGGRESSIVE;
				CLANG_CXX_LANGUAGE_STANDARD = "gnu++20";
				CLANG_ENABLE_MODULES = YES;
				CLANG_ENABLE_OBJC_ARC = YES;
				CLANG_ENABLE_OBJC_WEAK = YES;
				CLANG_WARN_BLOCK_CAPTURE_AUTORELEASING = YES;
				CLANG_WARN_BOOL_CONVERSION = YES;
				CLANG_WARN_COMMA = YES;
				CLANG_WARN_CONSTANT_CONVERSION = YES;
				CLANG_WARN_DEPRECATED_OBJC_IMPLEMENTATIONS = YES;
				CLANG_WARN_DIRECT_OBJC_ISA_USAGE = YES_ERROR;
				CLANG_WARN_DOCUMENTATION_COMMENTS = YES;
				CLANG_WARN_EMPTY_BODY = YES;
				CLANG_WARN_ENUM_CONVERSION = YES;
				CLANG_WARN_INFINITE_RECURSION = YES;
				CLANG_WARN_INT_CONVERSION = YES;
				CLANG_WARN_NON_LITERAL_NULL_CONVERSION = YES;
				CLANG_WARN_OBJC_IMPLICIT_RETAIN_SELF = YES;
				CLANG_WARN_OBJC_LITERAL_CONVERSION = YES;
				CLANG_WARN_OBJC_ROOT_CLASS = YES_ERROR;
				CLANG_WARN_QUOTED_INCLUDE_IN_FRAMEWORK_HEADER = YES;
				CLANG_WARN_RANGE_LOOP_ANALYSIS = YES;
				CLANG_WARN_STRICT_PROTOTYPES = YES;
				CLANG_WARN_SUSPICIOUS_MOVE = YES;
				CLANG_WARN_UNGUARDED_AVAILABILITY = YES_AGGRESSIVE;
				CLANG_WARN_UNREACHABLE_CODE = YES;
				CLANG_WARN__DUPLICATE_METHOD_MATCH = YES;
				COPY_PHASE_STRIP = NO;
				DEBUG_INFORMATION_FORMAT = "dwarf-with-dsym";
				ENABLE_NS_ASSERTIONS = NO;
				ENABLE_STRICT_OBJC_MSGSEND = YES;
				GCC_C_LANGUAGE_STANDARD = gnu11;
				GCC_NO_COMMON_BLOCKS = YES;
				GCC_WARN_64_TO_32_BIT_CONVERSION = YES;
				GCC_WARN_ABOUT_RETURN_TYPE = YES_ERROR;
				GCC_WARN_UNDECLARED_SELECTOR = YES;
				GCC_WARN_UNINITIALIZED_AUTOS = YES_AGGRESSIVE;
				GCC_WARN_UNUSED_FUNCTION = YES;
				GCC_WARN_UNUSED_VARIABLE = YES;
				IPHONEOS_DEPLOYMENT_TARGET = 16.1;
				MTL_ENABLE_DEBUG_INFO = NO;
				MTL_FAST_MATH = YES;
				SDKROOT = iphoneos;
				SWIFT_COMPILATION_MODE = wholemodule;
				SWIFT_OPTIMIZATION_LEVEL = "-O";
				VALIDATE_PRODUCT = YES;
			};
			name = Release;
		};
		013A1745296F8CFC00661A44 /* Debug */ = {
			isa = XCBuildConfiguration;
			buildSettings = {
				ASSETCATALOG_COMPILER_APPICON_NAME = AppIcon;
				ASSETCATALOG_COMPILER_GLOBAL_ACCENT_COLOR_NAME = AccentColor;
				CODE_SIGN_STYLE = Automatic;
				CURRENT_PROJECT_VERSION = 1;
				DEVELOPMENT_ASSET_PATHS = "\"RSS/Preview Content\"";
				DEVELOPMENT_TEAM = PM79C3BXFD;
				ENABLE_PREVIEWS = YES;
				GENERATE_INFOPLIST_FILE = YES;
				INFOPLIST_KEY_UIApplicationSceneManifest_Generation = YES;
				INFOPLIST_KEY_UIApplicationSupportsIndirectInputEvents = YES;
				INFOPLIST_KEY_UILaunchScreen_Generation = YES;
				INFOPLIST_KEY_UISupportedInterfaceOrientations_iPad = "UIInterfaceOrientationPortrait UIInterfaceOrientationPortraitUpsideDown UIInterfaceOrientationLandscapeLeft UIInterfaceOrientationLandscapeRight";
				INFOPLIST_KEY_UISupportedInterfaceOrientations_iPhone = "UIInterfaceOrientationPortrait UIInterfaceOrientationLandscapeLeft UIInterfaceOrientationLandscapeRight";
				LD_RUNPATH_SEARCH_PATHS = (
					"$(inherited)",
					"@executable_path/Frameworks",
				);
				MARKETING_VERSION = 1.0;
				PRODUCT_BUNDLE_IDENTIFIER = com.shyamkumar.RSS;
				PRODUCT_NAME = "$(TARGET_NAME)";
				SWIFT_EMIT_LOC_STRINGS = YES;
				SWIFT_VERSION = 5.0;
				TARGETED_DEVICE_FAMILY = "1,2";
			};
			name = Debug;
		};
		013A1746296F8CFC00661A44 /* Release */ = {
			isa = XCBuildConfiguration;
			buildSettings = {
				ASSETCATALOG_COMPILER_APPICON_NAME = AppIcon;
				ASSETCATALOG_COMPILER_GLOBAL_ACCENT_COLOR_NAME = AccentColor;
				CODE_SIGN_STYLE = Automatic;
				CURRENT_PROJECT_VERSION = 1;
				DEVELOPMENT_ASSET_PATHS = "\"RSS/Preview Content\"";
				DEVELOPMENT_TEAM = PM79C3BXFD;
				ENABLE_PREVIEWS = YES;
				GENERATE_INFOPLIST_FILE = YES;
				INFOPLIST_KEY_UIApplicationSceneManifest_Generation = YES;
				INFOPLIST_KEY_UIApplicationSupportsIndirectInputEvents = YES;
				INFOPLIST_KEY_UILaunchScreen_Generation = YES;
				INFOPLIST_KEY_UISupportedInterfaceOrientations_iPad = "UIInterfaceOrientationPortrait UIInterfaceOrientationPortraitUpsideDown UIInterfaceOrientationLandscapeLeft UIInterfaceOrientationLandscapeRight";
				INFOPLIST_KEY_UISupportedInterfaceOrientations_iPhone = "UIInterfaceOrientationPortrait UIInterfaceOrientationLandscapeLeft UIInterfaceOrientationLandscapeRight";
				LD_RUNPATH_SEARCH_PATHS = (
					"$(inherited)",
					"@executable_path/Frameworks",
				);
				MARKETING_VERSION = 1.0;
				PRODUCT_BUNDLE_IDENTIFIER = com.shyamkumar.RSS;
				PRODUCT_NAME = "$(TARGET_NAME)";
				SWIFT_EMIT_LOC_STRINGS = YES;
				SWIFT_VERSION = 5.0;
				TARGETED_DEVICE_FAMILY = "1,2";
			};
			name = Release;
		};
		013A1748296F8CFC00661A44 /* Debug */ = {
			isa = XCBuildConfiguration;
			buildSettings = {
				ALWAYS_EMBED_SWIFT_STANDARD_LIBRARIES = YES;
				BUNDLE_LOADER = "$(TEST_HOST)";
				CODE_SIGN_STYLE = Automatic;
				CURRENT_PROJECT_VERSION = 1;
				DEVELOPMENT_TEAM = PM79C3BXFD;
				GENERATE_INFOPLIST_FILE = YES;
				IPHONEOS_DEPLOYMENT_TARGET = 16.1;
				MARKETING_VERSION = 1.0;
				PRODUCT_BUNDLE_IDENTIFIER = com.shyamkumar.RSSTests;
				PRODUCT_NAME = "$(TARGET_NAME)";
				SWIFT_EMIT_LOC_STRINGS = NO;
				SWIFT_VERSION = 5.0;
				TARGETED_DEVICE_FAMILY = "1,2";
				TEST_HOST = "$(BUILT_PRODUCTS_DIR)/RSS.app/$(BUNDLE_EXECUTABLE_FOLDER_PATH)/RSS";
			};
			name = Debug;
		};
		013A1749296F8CFC00661A44 /* Release */ = {
			isa = XCBuildConfiguration;
			buildSettings = {
				ALWAYS_EMBED_SWIFT_STANDARD_LIBRARIES = YES;
				BUNDLE_LOADER = "$(TEST_HOST)";
				CODE_SIGN_STYLE = Automatic;
				CURRENT_PROJECT_VERSION = 1;
				DEVELOPMENT_TEAM = PM79C3BXFD;
				GENERATE_INFOPLIST_FILE = YES;
				IPHONEOS_DEPLOYMENT_TARGET = 16.1;
				MARKETING_VERSION = 1.0;
				PRODUCT_BUNDLE_IDENTIFIER = com.shyamkumar.RSSTests;
				PRODUCT_NAME = "$(TARGET_NAME)";
				SWIFT_EMIT_LOC_STRINGS = NO;
				SWIFT_VERSION = 5.0;
				TARGETED_DEVICE_FAMILY = "1,2";
				TEST_HOST = "$(BUILT_PRODUCTS_DIR)/RSS.app/$(BUNDLE_EXECUTABLE_FOLDER_PATH)/RSS";
			};
			name = Release;
		};
		013A174B296F8CFC00661A44 /* Debug */ = {
			isa = XCBuildConfiguration;
			buildSettings = {
				ALWAYS_EMBED_SWIFT_STANDARD_LIBRARIES = YES;
				CODE_SIGN_STYLE = Automatic;
				CURRENT_PROJECT_VERSION = 1;
				DEVELOPMENT_TEAM = PM79C3BXFD;
				GENERATE_INFOPLIST_FILE = YES;
				MARKETING_VERSION = 1.0;
				PRODUCT_BUNDLE_IDENTIFIER = com.shyamkumar.RSSUITests;
				PRODUCT_NAME = "$(TARGET_NAME)";
				SWIFT_EMIT_LOC_STRINGS = NO;
				SWIFT_VERSION = 5.0;
				TARGETED_DEVICE_FAMILY = "1,2";
				TEST_TARGET_NAME = RSS;
			};
			name = Debug;
		};
		013A174C296F8CFC00661A44 /* Release */ = {
			isa = XCBuildConfiguration;
			buildSettings = {
				ALWAYS_EMBED_SWIFT_STANDARD_LIBRARIES = YES;
				CODE_SIGN_STYLE = Automatic;
				CURRENT_PROJECT_VERSION = 1;
				DEVELOPMENT_TEAM = PM79C3BXFD;
				GENERATE_INFOPLIST_FILE = YES;
				MARKETING_VERSION = 1.0;
				PRODUCT_BUNDLE_IDENTIFIER = com.shyamkumar.RSSUITests;
				PRODUCT_NAME = "$(TARGET_NAME)";
				SWIFT_EMIT_LOC_STRINGS = NO;
				SWIFT_VERSION = 5.0;
				TARGETED_DEVICE_FAMILY = "1,2";
				TEST_TARGET_NAME = RSS;
			};
			name = Release;
		};
/* End XCBuildConfiguration section */

/* Begin XCConfigurationList section */
		013A171B296F8CFB00661A44 /* Build configuration list for PBXProject "RSS" */ = {
			isa = XCConfigurationList;
			buildConfigurations = (
				013A1742296F8CFC00661A44 /* Debug */,
				013A1743296F8CFC00661A44 /* Release */,
			);
			defaultConfigurationIsVisible = 0;
			defaultConfigurationName = Release;
		};
		013A1744296F8CFC00661A44 /* Build configuration list for PBXNativeTarget "RSS" */ = {
			isa = XCConfigurationList;
			buildConfigurations = (
				013A1745296F8CFC00661A44 /* Debug */,
				013A1746296F8CFC00661A44 /* Release */,
			);
			defaultConfigurationIsVisible = 0;
			defaultConfigurationName = Release;
		};
		013A1747296F8CFC00661A44 /* Build configuration list for PBXNativeTarget "RSSTests" */ = {
			isa = XCConfigurationList;
			buildConfigurations = (
				013A1748296F8CFC00661A44 /* Debug */,
				013A1749296F8CFC00661A44 /* Release */,
			);
			defaultConfigurationIsVisible = 0;
			defaultConfigurationName = Release;
		};
		013A174A296F8CFC00661A44 /* Build configuration list for PBXNativeTarget "RSSUITests" */ = {
			isa = XCConfigurationList;
			buildConfigurations = (
				013A174B296F8CFC00661A44 /* Debug */,
				013A174C296F8CFC00661A44 /* Release */,
			);
			defaultConfigurationIsVisible = 0;
			defaultConfigurationName = Release;
		};
/* End XCConfigurationList section */

/* Begin XCRemoteSwiftPackageReference section */
		013A174D296F8D5000661A44 /* XCRemoteSwiftPackageReference "SwiftRichString" */ = {
			isa = XCRemoteSwiftPackageReference;
			repositoryURL = "https://github.com/malcommac/SwiftRichString";
			requirement = {
				kind = upToNextMajorVersion;
				minimumVersion = 3.0.0;
			};
		};
		017CF7092977219E00ACBFD0 /* XCRemoteSwiftPackageReference "RichText" */ = {
			isa = XCRemoteSwiftPackageReference;
			repositoryURL = "https://github.com/NuPlay/RichText";
			requirement = {
				kind = upToNextMajorVersion;
				minimumVersion = 2.0.0;
			};
		};
/* End XCRemoteSwiftPackageReference section */

/* Begin XCSwiftPackageProductDependency section */
		013A174E296F8D5000661A44 /* SwiftRichString */ = {
			isa = XCSwiftPackageProductDependency;
			package = 013A174D296F8D5000661A44 /* XCRemoteSwiftPackageReference "SwiftRichString" */;
			productName = SwiftRichString;
		};
		017CF70A2977219E00ACBFD0 /* RichText */ = {
			isa = XCSwiftPackageProductDependency;
			package = 017CF7092977219E00ACBFD0 /* XCRemoteSwiftPackageReference "RichText" */;
			productName = RichText;
		};
/* End XCSwiftPackageProductDependency section */
	};
	rootObject = 013A1718296F8CFB00661A44 /* Project object */;
}
